
Microsoft Visual Studio Solution File, Format Version 12.00
# Visual Studio Version 17
VisualStudioVersion = 17.8.34525.116
MinimumVisualStudioVersion = 10.0.40219.1
Project("{9A19103F-16F7-4668-BE54-9A1E7A4F7556}") = "MyMod", "Template\MyMod.csproj", "{59DD5866-D073-4035-B1D9-4072885215F9}"
EndProject
Project("{9A19103F-16F7-4668-BE54-9A1E7A4F7556}") = "WaterYourCrops", "WaterYourCrops\WaterYourCrops.csproj", "{D6FA0163-8839-480F-AE63-13BAAEFA0C09}"
EndProject
Project("{9A19103F-16F7-4668-BE54-9A1E7A4F7556}") = "WildTreeTweaks", "WildTreeTweaks\WildTreeTweaks.csproj", "{5BA7E853-1A6A-43FF-8B0D-DF1FCFE3D92E}"
EndProject
Global
	GlobalSection(SolutionConfigurationPlatforms) = preSolution
		Debug|Any CPU = Debug|Any CPU
		Release|Any CPU = Release|Any CPU
	EndGlobalSection
	GlobalSection(ProjectConfigurationPlatforms) = postSolution
		{59DD5866-D073-4035-B1D9-4072885215F9}.Debug|Any CPU.ActiveCfg = Debug|Any CPU
		{59DD5866-D073-4035-B1D9-4072885215F9}.Debug|Any CPU.Build.0 = Debug|Any CPU
		{59DD5866-D073-4035-B1D9-4072885215F9}.Release|Any CPU.ActiveCfg = Release|Any CPU
		{59DD5866-D073-4035-B1D9-4072885215F9}.Release|Any CPU.Build.0 = Release|Any CPU
		{D6FA0163-8839-480F-AE63-13BAAEFA0C09}.Debug|Any CPU.ActiveCfg = Debug|Any CPU
		{D6FA0163-8839-480F-AE63-13BAAEFA0C09}.Debug|Any CPU.Build.0 = Debug|Any CPU
		{D6FA0163-8839-480F-AE63-13BAAEFA0C09}.Release|Any CPU.ActiveCfg = Release|Any CPU
		{D6FA0163-8839-480F-AE63-13BAAEFA0C09}.Release|Any CPU.Build.0 = Release|Any CPU
		{5BA7E853-1A6A-43FF-8B0D-DF1FCFE3D92E}.Debug|Any CPU.ActiveCfg = Debug|Any CPU
		{5BA7E853-1A6A-43FF-8B0D-DF1FCFE3D92E}.Debug|Any CPU.Build.0 = Debug|Any CPU
		{5BA7E853-1A6A-43FF-8B0D-DF1FCFE3D92E}.Release|Any CPU.ActiveCfg = Release|Any CPU
		{5BA7E853-1A6A-43FF-8B0D-DF1FCFE3D92E}.Release|Any CPU.Build.0 = Release|Any CPU
	EndGlobalSection
	GlobalSection(SolutionProperties) = preSolution
		HideSolutionNode = FALSE
	EndGlobalSection
	GlobalSection(ExtensibilityGlobals) = postSolution
		SolutionGuid = {DDAC71D4-0E39-45C0-8DA1-58CF2FBEDD4E}
	EndGlobalSection
EndGlobal
